
Microsoft Visual Studio Solution File, Format Version 12.00
# Visual Studio Version 16
VisualStudioVersion = 16.0.30204.135
MinimumVisualStudioVersion = 10.0.40219.1
Project("{9A19103F-16F7-4668-BE54-9A1E7A4F7556}") = "MapboxTileServer", "MapboxTileServer\MapboxTileServer.csproj", "{4C967BF0-E982-4C90-A6CB-2AF561CBD2DA}"
EndProject
Global
	GlobalSection(SolutionConfigurationPlatforms) = preSolution
		Debug|Any CPU = Debug|Any CPU
		Release|Any CPU = Release|Any CPU
	EndGlobalSection
	GlobalSection(ProjectConfigurationPlatforms) = postSolution
		{4C967BF0-E982-4C90-A6CB-2AF561CBD2DA}.Debug|Any CPU.ActiveCfg = Debug|Any CPU
		{4C967BF0-E982-4C90-A6CB-2AF561CBD2DA}.Debug|Any CPU.Build.0 = Debug|Any CPU
		{4C967BF0-E982-4C90-A6CB-2AF561CBD2DA}.Release|Any CPU.ActiveCfg = Release|Any CPU
		{4C967BF0-E982-4C90-A6CB-2AF561CBD2DA}.Release|Any CPU.Build.0 = Release|Any CPU
		{897B0016-3885-4298-A559-C51DFB8324E5}.Debug|Any CPU.ActiveCfg = Debug|Any CPU
		{897B0016-3885-4298-A559-C51DFB8324E5}.Debug|Any CPU.Build.0 = Debug|Any CPU
		{897B0016-3885-4298-A559-C51DFB8324E5}.Release|Any CPU.ActiveCfg = Release|Any CPU
		{897B0016-3885-4298-A559-C51DFB8324E5}.Release|Any CPU.Build.0 = Release|Any CPU
	EndGlobalSection
	GlobalSection(SolutionProperties) = preSolution
		HideSolutionNode = FALSE
	EndGlobalSection
	GlobalSection(ExtensibilityGlobals) = postSolution
		SolutionGuid = {EB248CFF-3A6A-44F5-845D-B00021A0287A}
	EndGlobalSection
EndGlobal
