
Microsoft Visual Studio Solution File, Format Version 12.00
# Visual Studio Version 16
VisualStudioVersion = 16.0.30204.135
MinimumVisualStudioVersion = 10.0.40219.1
Project("{9A19103F-16F7-4668-BE54-9A1E7A4F7556}") = "MapboxTileServer", "MapboxTileServer\MapboxTileServer.csproj", "{4C967BF0-E982-4C90-A6CB-2AF561CBD2DA}"
EndProject
Project("{9A19103F-16F7-4668-BE54-9A1E7A4F7556}") = "MapboxTileServer.GeoJson", "MapboxTileServer.GeoJson\MapboxTileServer.GeoJson.csproj", "{7C97CFAE-6ABF-42F3-A9A0-BF93FC90FCE6}"
EndProject
Project("{FAE04EC0-301F-11D3-BF4B-00C04F79EFBC}") = "MapboxTileServer.GeoJson.Test", "MapboxTileServer.GeoJson.Test\MapboxTileServer.GeoJson.Test.csproj", "{B32A39CA-EC7E-4D75-936E-F1F2CA498534}"
EndProject
Project("{FAE04EC0-301F-11D3-BF4B-00C04F79EFBC}") = "MapboxTileServer.Test", "MapboxTileServer.Test\MapboxTileServer.Test.csproj", "{4D6ED022-49E3-464D-9AEC-8A86EAD67826}"
EndProject
Global
	GlobalSection(SolutionConfigurationPlatforms) = preSolution
		Debug|Any CPU = Debug|Any CPU
		Release|Any CPU = Release|Any CPU
	EndGlobalSection
	GlobalSection(ProjectConfigurationPlatforms) = postSolution
		{4C967BF0-E982-4C90-A6CB-2AF561CBD2DA}.Debug|Any CPU.ActiveCfg = Debug|Any CPU
		{4C967BF0-E982-4C90-A6CB-2AF561CBD2DA}.Debug|Any CPU.Build.0 = Debug|Any CPU
		{4C967BF0-E982-4C90-A6CB-2AF561CBD2DA}.Release|Any CPU.ActiveCfg = Release|Any CPU
		{4C967BF0-E982-4C90-A6CB-2AF561CBD2DA}.Release|Any CPU.Build.0 = Release|Any CPU
		{7C97CFAE-6ABF-42F3-A9A0-BF93FC90FCE6}.Debug|Any CPU.ActiveCfg = Debug|Any CPU
		{7C97CFAE-6ABF-42F3-A9A0-BF93FC90FCE6}.Debug|Any CPU.Build.0 = Debug|Any CPU
		{7C97CFAE-6ABF-42F3-A9A0-BF93FC90FCE6}.Release|Any CPU.ActiveCfg = Release|Any CPU
		{7C97CFAE-6ABF-42F3-A9A0-BF93FC90FCE6}.Release|Any CPU.Build.0 = Release|Any CPU
		{B32A39CA-EC7E-4D75-936E-F1F2CA498534}.Debug|Any CPU.ActiveCfg = Debug|Any CPU
		{B32A39CA-EC7E-4D75-936E-F1F2CA498534}.Debug|Any CPU.Build.0 = Debug|Any CPU
		{B32A39CA-EC7E-4D75-936E-F1F2CA498534}.Release|Any CPU.ActiveCfg = Release|Any CPU
		{B32A39CA-EC7E-4D75-936E-F1F2CA498534}.Release|Any CPU.Build.0 = Release|Any CPU
		{4D6ED022-49E3-464D-9AEC-8A86EAD67826}.Debug|Any CPU.ActiveCfg = Debug|Any CPU
		{4D6ED022-49E3-464D-9AEC-8A86EAD67826}.Debug|Any CPU.Build.0 = Debug|Any CPU
		{4D6ED022-49E3-464D-9AEC-8A86EAD67826}.Release|Any CPU.ActiveCfg = Release|Any CPU
		{4D6ED022-49E3-464D-9AEC-8A86EAD67826}.Release|Any CPU.Build.0 = Release|Any CPU
	EndGlobalSection
	GlobalSection(SolutionProperties) = preSolution
		HideSolutionNode = FALSE
	EndGlobalSection
	GlobalSection(ExtensibilityGlobals) = postSolution
		SolutionGuid = {EB248CFF-3A6A-44F5-845D-B00021A0287A}
	EndGlobalSection
EndGlobal
